
Microsoft Visual Studio Solution File, Format Version 12.00
# Visual Studio Version 17
VisualStudioVersion = 17.5.33516.290
MinimumVisualStudioVersion = 10.0.40219.1
Project("{FAE04EC0-301F-11D3-BF4B-00C04F79EFBC}") = "Raven_4", "Raven_4.csproj", "{7AFA61B3-B428-4E63-AE43-B515484F6574}"
EndProject
Global
	GlobalSection(SolutionConfigurationPlatforms) = preSolution
		Debug|Any CPU = Debug|Any CPU
		Release|Any CPU = Release|Any CPU
	EndGlobalSection
	GlobalSection(ProjectConfigurationPlatforms) = postSolution
		{7AFA61B3-B428-4E63-AE43-B515484F6574}.Debug|Any CPU.ActiveCfg = Debug|Any CPU
		{7AFA61B3-B428-4E63-AE43-B515484F6574}.Debug|Any CPU.Build.0 = Debug|Any CPU
		{7AFA61B3-B428-4E63-AE43-B515484F6574}.Release|Any CPU.ActiveCfg = Release|Any CPU
		{7AFA61B3-B428-4E63-AE43-B515484F6574}.Release|Any CPU.Build.0 = Release|Any CPU
	EndGlobalSection
	GlobalSection(SolutionProperties) = preSolution
		HideSolutionNode = FALSE
	EndGlobalSection
	GlobalSection(ExtensibilityGlobals) = postSolution
		SolutionGuid = {5054CA67-7AFC-493D-B18F-62C21CA53148}
	EndGlobalSection
EndGlobal
