
Microsoft Visual Studio Solution File, Format Version 12.00
# Visual Studio Version 17
VisualStudioVersion = 17.5.33516.290
MinimumVisualStudioVersion = 10.0.40219.1
Project("{FAE04EC0-301F-11D3-BF4B-00C04F79EFBC}") = "Raven_5", "Raven_5.csproj", "{073ACD6B-9160-45AA-98AA-5B8E94B9A1E1}"
EndProject
Global
	GlobalSection(SolutionConfigurationPlatforms) = preSolution
		Debug|Any CPU = Debug|Any CPU
		Release|Any CPU = Release|Any CPU
	EndGlobalSection
	GlobalSection(ProjectConfigurationPlatforms) = postSolution
		{073ACD6B-9160-45AA-98AA-5B8E94B9A1E1}.Debug|Any CPU.ActiveCfg = Debug|Any CPU
		{073ACD6B-9160-45AA-98AA-5B8E94B9A1E1}.Debug|Any CPU.Build.0 = Debug|Any CPU
		{073ACD6B-9160-45AA-98AA-5B8E94B9A1E1}.Release|Any CPU.ActiveCfg = Release|Any CPU
		{073ACD6B-9160-45AA-98AA-5B8E94B9A1E1}.Release|Any CPU.Build.0 = Release|Any CPU
	EndGlobalSection
	GlobalSection(SolutionProperties) = preSolution
		HideSolutionNode = FALSE
	EndGlobalSection
	GlobalSection(ExtensibilityGlobals) = postSolution
		SolutionGuid = {1931375E-0BD3-454D-A97E-EAC115D15C3D}
	EndGlobalSection
EndGlobal
